PODS:
  - Flutter (1.0.0)
  - gallery_saver (0.0.1):
    - Flutter
  - image_picker (0.0.1):
    - Flutter
  - libwebp (1.2.4):
    - libwebp/demux (= 1.2.4)
    - libwebp/mux (= 1.2.4)
    - libwebp/webp (= 1.2.4)
  - libwebp/demux (1.2.4):
    - libwebp/webp
  - libwebp/mux (1.2.4):
    - libwebp/demux
  - libwebp/webp (1.2.4)
  - path_provider (0.0.1):
    - Flutter
  - tapioca (0.0.1):
    - Flutter
  - video_player_avfoundation (0.0.1):
    - Flutter
  - video_thumbnail (0.0.1):
    - Flutter
    - libwebp

DEPENDENCIES:
  - Flutter (from `Flutter`)
  - gallery_saver (from `.symlinks/plugins/gallery_saver/ios`)
  - image_picker (from `.symlinks/plugins/image_picker/ios`)
  - path_provider (from `.symlinks/plugins/path_provider/ios`)
  - tapioca (from `.symlinks/plugins/tapioca/ios`)
  - video_player_avfoundation (from `.symlinks/plugins/video_player_avfoundation/ios`)
  - video_thumbnail (from `.symlinks/plugins/video_thumbnail/ios`)

SPEC REPOS:
  trunk:
    - libwebp

EXTERNAL SOURCES:
  Flutter:
    :path: Flutter
  gallery_saver:
    :path: ".symlinks/plugins/gallery_saver/ios"
  image_picker:
    :path: ".symlinks/plugins/image_picker/ios"
  path_provider:
    :path: ".symlinks/plugins/path_provider/ios"
  tapioca:
    :path: ".symlinks/plugins/tapioca/ios"
  video_player_avfoundation:
    :path: ".symlinks/plugins/video_player_avfoundation/ios"
  video_thumbnail:
    :path: ".symlinks/plugins/video_thumbnail/ios"

SPEC CHECKSUMS:
  Flutter: 50d75fe2f02b26cc09d224853bb45737f8b3214a
  gallery_saver: 9fc173c9f4fcc48af53b2a9ebea1b643255be542
  image_picker: e06f7a68f000bd36f552c1847e33cda96ed31f1f
  libwebp: f62cb61d0a484ba548448a4bd52aabf150ff6eef
  path_provider: abfe2b5c733d04e238b0d8691db0cfd63a27a93c
  tapioca: a252bbe395434283bb65e45e1fb4ed0446c87f19
  video_player_avfoundation: e489aac24ef5cf7af82702979ed16f2a5ef84cff
  video_thumbnail: c4e2a3c539e247d4de13cd545344fd2d26ffafd1

PODFILE CHECKSUM: f10c0438b63bc24e6bbc207956dc27d16c4408f2

COCOAPODS: 1.11.3
